
Microsoft Visual Studio Solution File, Format Version 12.00
# Visual Studio 15
VisualStudioVersion = 15.0.28307.645
MinimumVisualStudioVersion = 10.0.40219.1
Project("{FAE04EC0-301F-11D3-BF4B-00C04F79EFBC}") = "FormularioCadastroCliente", "FormularioCadastroCliente\FormularioCadastroCliente.csproj", "{A0169D6C-034A-467B-8652-083BB45C32A1}"
EndProject
Global
	GlobalSection(SolutionConfigurationPlatforms) = preSolution
		Debug|Any CPU = Debug|Any CPU
		Release|Any CPU = Release|Any CPU
	EndGlobalSection
	GlobalSection(ProjectConfigurationPlatforms) = postSolution
		{A0169D6C-034A-467B-8652-083BB45C32A1}.Debug|Any CPU.ActiveCfg = Debug|Any CPU
		{A0169D6C-034A-467B-8652-083BB45C32A1}.Debug|Any CPU.Build.0 = Debug|Any CPU
		{A0169D6C-034A-467B-8652-083BB45C32A1}.Release|Any CPU.ActiveCfg = Release|Any CPU
		{A0169D6C-034A-467B-8652-083BB45C32A1}.Release|Any CPU.Build.0 = Release|Any CPU
	EndGlobalSection
	GlobalSection(SolutionProperties) = preSolution
		HideSolutionNode = FALSE
	EndGlobalSection
	GlobalSection(ExtensibilityGlobals) = postSolution
		SolutionGuid = {5B255F3D-EB4A-4063-8DA1-943DC01193DB}
	EndGlobalSection
EndGlobal
